// !$*UTF8*$!
{
	archiveVersion = 1;
	classes = {
	};
	objectVersion = 46;
	objects = {

/* Begin PBXBuildFile section */
		FA191DF61CA12FA7006DBB7A /* UITableView+Keyboard.m in Sources */ = {isa = PBXBuildFile; fileRef = FA191DF51CA12FA7006DBB7A /* UITableView+Keyboard.m */; };
		FA3603771C8FCD4F001D124F /* main.m in Sources */ = {isa = PBXBuildFile; fileRef = FA3603761C8FCD4F001D124F /* main.m */; };
		FA36037A1C8FCD4F001D124F /* AppDelegate.m in Sources */ = {isa = PBXBuildFile; fileRef = FA3603791C8FCD4F001D124F /* AppDelegate.m */; };
		FA36037D1C8FCD4F001D124F /* ViewController.m in Sources */ = {isa = PBXBuildFile; fileRef = FA36037C1C8FCD4F001D124F /* ViewController.m */; };
		FA3603801C8FCD4F001D124F /* Main.storyboard in Resources */ = {isa = PBXBuildFile; fileRef = FA36037E1C8FCD4F001D124F /* Main.storyboard */; };
		FA3603851C8FCD4F001D124F /* LaunchScreen.storyboard in Resources */ = {isa = PBXBuildFile; fileRef = FA3603831C8FCD4F001D124F /* LaunchScreen.storyboard */; };
		FA3603BC1C8FEC25001D124F /* TestController.m in Sources */ = {isa = PBXBuildFile; fileRef = FA3603BB1C8FEC25001D124F /* TestController.m */; };
		FA3603BF1C8FF0E1001D124F /* UIButton+Copy.m in Sources */ = {isa = PBXBuildFile; fileRef = FA3603BE1C8FF0E1001D124F /* UIButton+Copy.m */; };
		FA3603C31C8FF6F6001D124F /* GTMBase64.m in Sources */ = {isa = PBXBuildFile; fileRef = FA3603C21C8FF6F6001D124F /* GTMBase64.m */; settings = {COMPILER_FLAGS = "-fno-objc-arc"; }; };
		FA3603C71C8FF97E001D124F /* UIFont+Name.m in Sources */ = {isa = PBXBuildFile; fileRef = FA3603C61C8FF97E001D124F /* UIFont+Name.m */; };
		FA3603CC1C8FFC4E001D124F /* PathView.m in Sources */ = {isa = PBXBuildFile; fileRef = FA3603CB1C8FFC4E001D124F /* PathView.m */; };
		FA3603CF1C8FFE09001D124F /* iOS_FontName.gif in Resources */ = {isa = PBXBuildFile; fileRef = FA3603CE1C8FFE09001D124F /* iOS_FontName.gif */; };
		FA3E7DF71D2A680300E1AA61 /* Bezier&CGRefController.m in Sources */ = {isa = PBXBuildFile; fileRef = FA3E7DF61D2A680300E1AA61 /* Bezier&CGRefController.m */; };
		FA3E7DFB1D2A686400E1AA61 /* CustomView.m in Sources */ = {isa = PBXBuildFile; fileRef = FA3E7DF91D2A686400E1AA61 /* CustomView.m */; };
		FA3E7DFC1D2A686400E1AA61 /* cc.jpg in Resources */ = {isa = PBXBuildFile; fileRef = FA3E7DFA1D2A686400E1AA61 /* cc.jpg */; };
		FA3E7E001D2A69F500E1AA61 /* BezierTORefreshController.m in Sources */ = {isa = PBXBuildFile; fileRef = FA3E7DFF1D2A69F500E1AA61 /* BezierTORefreshController.m */; };
		FA3E7E031D2A6A0300E1AA61 /* RYCuteView.m in Sources */ = {isa = PBXBuildFile; fileRef = FA3E7E021D2A6A0300E1AA61 /* RYCuteView.m */; };
		FA3F3E051D2276BE00BC33CF /* FontTableController.swift in Sources */ = {isa = PBXBuildFile; fileRef = FA3F3E041D2276BE00BC33CF /* FontTableController.swift */; };
		FA40D4FA1C91070D00500523 /* NSArray+Log.m in Sources */ = {isa = PBXBuildFile; fileRef = FA40D4F51C91070D00500523 /* NSArray+Log.m */; };
		FA40D4FB1C91070D00500523 /* NSDictionary+Log.m in Sources */ = {isa = PBXBuildFile; fileRef = FA40D4F71C91070D00500523 /* NSDictionary+Log.m */; };
		FA40D4FC1C91070D00500523 /* UIView+Extension.m in Sources */ = {isa = PBXBuildFile; fileRef = FA40D4F91C91070D00500523 /* UIView+Extension.m */; };
		FA40D5051C910AB700500523 /* UIImage+Color.m in Sources */ = {isa = PBXBuildFile; fileRef = FA40D4FE1C910AB700500523 /* UIImage+Color.m */; };
		FA40D5061C910AB700500523 /* UIImage+Extension.m in Sources */ = {isa = PBXBuildFile; fileRef = FA40D5001C910AB700500523 /* UIImage+Extension.m */; };
		FA40D5071C910AB700500523 /* UIDevice+DeviceType.m in Sources */ = {isa = PBXBuildFile; fileRef = FA40D5021C910AB700500523 /* UIDevice+DeviceType.m */; };
		FA40D5081C910AB700500523 /* NSString+Extension.m in Sources */ = {isa = PBXBuildFile; fileRef = FA40D5041C910AB700500523 /* NSString+Extension.m */; };
		FA40D50B1C910D5100500523 /* MapController.m in Sources */ = {isa = PBXBuildFile; fileRef = FA40D50A1C910D5100500523 /* MapController.m */; };
		FA40D50F1C91112400500523 /* MapSearchController.m in Sources */ = {isa = PBXBuildFile; fileRef = FA40D50E1C91112400500523 /* MapSearchController.m */; };
		FA40D5121C9118B200500523 /* CustomNaviViewController.m in Sources */ = {isa = PBXBuildFile; fileRef = FA40D5111C9118B200500523 /* CustomNaviViewController.m */; };
		FA40D5151C9118CD00500523 /* UIBarButtonItem+Extension.m in Sources */ = {isa = PBXBuildFile; fileRef = FA40D5141C9118CD00500523 /* UIBarButtonItem+Extension.m */; };
		FA40D5181C91190B00500523 /* CustomNavigationBar.m in Sources */ = {isa = PBXBuildFile; fileRef = FA40D5171C91190B00500523 /* CustomNavigationBar.m */; };
		FA4966BF1CA7664C00F027C1 /* KeyWordsView.m in Sources */ = {isa = PBXBuildFile; fileRef = FA4966BE1CA7664C00F027C1 /* KeyWordsView.m */; };
		FA5951351D549999007F026F /* BezierView.m in Sources */ = {isa = PBXBuildFile; fileRef = FA5951341D549999007F026F /* BezierView.m */; };
		FA5951381D5499BF007F026F /* CoreAnimationController.m in Sources */ = {isa = PBXBuildFile; fileRef = FA5951371D5499BF007F026F /* CoreAnimationController.m */; };
		FA5E2E4B1CFA8EC400EE6865 /* UIViewController+Deliver.m in Sources */ = {isa = PBXBuildFile; fileRef = FA5E2E4A1CFA8EC400EE6865 /* UIViewController+Deliver.m */; };
		FA67B5FE1CACBB780069C5C5 /* CommonTool.m in Sources */ = {isa = PBXBuildFile; fileRef = FA67B5FD1CACBB780069C5C5 /* CommonTool.m */; };
		FA9645A41CAE6D5F00A5B38B /* MainTableViewController.m in Sources */ = {isa = PBXBuildFile; fileRef = FA9645A31CAE6D5F00A5B38B /* MainTableViewController.m */; };
		FA9645A71CAE752C00A5B38B /* PhoneViewController.m in Sources */ = {isa = PBXBuildFile; fileRef = FA9645A61CAE752C00A5B38B /* PhoneViewController.m */; };
		FAA402451D5308EC00263095 /* WQItemController.m in Sources */ = {isa = PBXBuildFile; fileRef = FAA402441D5308EC00263095 /* WQItemController.m */; };
		FAA402481D53093F00263095 /* WQMenu.m in Sources */ = {isa = PBXBuildFile; fileRef = FAA402471D53093F00263095 /* WQMenu.m */; };
		FAA402831D5328B200263095 /* DismissingAnimator.m in Sources */ = {isa = PBXBuildFile; fileRef = FAA402801D5328B200263095 /* DismissingAnimator.m */; };
		FAA402841D5328B200263095 /* PresentingAnimator.m in Sources */ = {isa = PBXBuildFile; fileRef = FAA402821D5328B200263095 /* PresentingAnimator.m */; };
		FAA4028C1D53364800263095 /* UIView+touchExtendInset.m in Sources */ = {isa = PBXBuildFile; fileRef = FAA4028B1D53364800263095 /* UIView+touchExtendInset.m */; };
		FAA4C4561CB38C400057CF1E /* Media.xcassets in Resources */ = {isa = PBXBuildFile; fileRef = FAA4C4551CB38C400057CF1E /* Media.xcassets */; };
		FAA863C11D5C4CB9001187BC /* WebCacheController.m in Sources */ = {isa = PBXBuildFile; fileRef = FAA863C01D5C4CB9001187BC /* WebCacheController.m */; };
		FAA863C81D5C4DB2001187BC /* WebCachedData.m in Sources */ = {isa = PBXBuildFile; fileRef = FAA863C51D5C4DB2001187BC /* WebCachedData.m */; };
		FAA863C91D5C4DB2001187BC /* CacheURLProtocol.m in Sources */ = {isa = PBXBuildFile; fileRef = FAA863C71D5C4DB2001187BC /* CacheURLProtocol.m */; };
		FAA863D11D5C4DC6001187BC /* NSString+Sha1.m in Sources */ = {isa = PBXBuildFile; fileRef = FAA863CB1D5C4DC6001187BC /* NSString+Sha1.m */; };
		FAA863D21D5C4DC6001187BC /* README.md in Sources */ = {isa = PBXBuildFile; fileRef = FAA863CC1D5C4DC6001187BC /* README.md */; };
		FAA863D31D5C4DC6001187BC /* RNCachingURLProtocol.m in Sources */ = {isa = PBXBuildFile; fileRef = FAA863CE1D5C4DC6001187BC /* RNCachingURLProtocol.m */; };
		FAA863D41D5C4DC6001187BC /* Reachability.m in Sources */ = {isa = PBXBuildFile; fileRef = FAA863D01D5C4DC6001187BC /* Reachability.m */; };
		FABB2D631D6EC05B0078FF57 /* UIButton+touch.m in Sources */ = {isa = PBXBuildFile; fileRef = FABB2D621D6EC05B0078FF57 /* UIButton+touch.m */; };
		FAE7EE441D3607290031E184 /* StreamMediaController.m in Sources */ = {isa = PBXBuildFile; fileRef = FAE7EE421D3607290031E184 /* StreamMediaController.m */; };
		FAE7EE561D3608740031E184 /* 1.mp4 in Resources */ = {isa = PBXBuildFile; fileRef = FAE7EE471D3608730031E184 /* 1.mp4 */; };
		FAE7EE571D3608740031E184 /* 4_circle.png in Resources */ = {isa = PBXBuildFile; fileRef = FAE7EE481D3608730031E184 /* 4_circle.png */; };
		FAE7EE581D3608740031E184 /* 4_circle@2x.png in Resources */ = {isa = PBXBuildFile; fileRef = FAE7EE491D3608730031E184 /* 4_circle@2x.png */; };
		FAE7EE591D3608740031E184 /* 4_circle_on@2x.png in Resources */ = {isa = PBXBuildFile; fileRef = FAE7EE4A1D3608730031E184 /* 4_circle_on@2x.png */; };
		FAE7EE5A1D3608740031E184 /* keep5.png in Resources */ = {isa = PBXBuildFile; fileRef = FAE7EE4B1D3608740031E184 /* keep5.png */; };
		FAE7EE5B1D3608740031E184 /* keep5@2x.png in Resources */ = {isa = PBXBuildFile; fileRef = FAE7EE4C1D3608740031E184 /* keep5@2x.png */; };
		FAE7EE5C1D3608740031E184 /* keep6.png in Resources */ = {isa = PBXBuildFile; fileRef = FAE7EE4D1D3608740031E184 /* keep6.png */; };
		FAE7EE5D1D3608740031E184 /* keep6@2x.png in Resources */ = {isa = PBXBuildFile; fileRef = FAE7EE4E1D3608740031E184 /* keep6@2x.png */; };
		FAE7EE5E1D3608740031E184 /* keep6plus@3x.png in Resources */ = {isa = PBXBuildFile; fileRef = FAE7EE4F1D3608740031E184 /* keep6plus@3x.png */; };
		FAE7EE5F1D3608740031E184 /* keep_logo.png in Resources */ = {isa = PBXBuildFile; fileRef = FAE7EE501D3608740031E184 /* keep_logo.png */; };
		FAE7EE601D3608740031E184 /* keep_logo@2x.png in Resources */ = {isa = PBXBuildFile; fileRef = FAE7EE511D3608740031E184 /* keep_logo@2x.png */; };
		FAE7EE611D3608740031E184 /* keep_logo@3x.png in Resources */ = {isa = PBXBuildFile; fileRef = FAE7EE521D3608740031E184 /* keep_logo@3x.png */; };
		FAE7EE621D3608740031E184 /* keepkeep.png in Resources */ = {isa = PBXBuildFile; fileRef = FAE7EE531D3608740031E184 /* keepkeep.png */; };
		FAE7EE631D3608740031E184 /* keepkeep@2x.png in Resources */ = {isa = PBXBuildFile; fileRef = FAE7EE541D3608740031E184 /* keepkeep@2x.png */; };
		FAE7EE641D3608740031E184 /* keepkeep@3x.png in Resources */ = {isa = PBXBuildFile; fileRef = FAE7EE551D3608740031E184 /* keepkeep@3x.png */; };
		FAE7EE671D36088F0031E184 /* BaseViewController.m in Sources */ = {isa = PBXBuildFile; fileRef = FAE7EE661D36088F0031E184 /* BaseViewController.m */; };
		FAE7EE6B1D36096F0031E184 /* StreamMediaController.storyboard in Resources */ = {isa = PBXBuildFile; fileRef = FAE7EE6A1D36096F0031E184 /* StreamMediaController.storyboard */; };
/* End PBXBuildFile section */

/* Begin PBXFileReference section */
		FA191DF41CA12FA7006DBB7A /* UITableView+Keyboard.h */ = {isa = PBXFileReference; fileEncoding = 4; lastKnownFileType = sourcecode.c.h; path = "UITableView+Keyboard.h"; sourceTree = "<group>"; };
		FA191DF51CA12FA7006DBB7A /* UITableView+Keyboard.m */ = {isa = PBXFileReference; fileEncoding = 4; lastKnownFileType = sourcecode.c.objc; path = "UITableView+Keyboard.m"; sourceTree = "<group>"; };
		FA3603721C8FCD4F001D124F /* iOS_CodeDemo.app */ = {isa = PBXFileReference; explicitFileType = wrapper.application; includeInIndex = 0; path = iOS_CodeDemo.app; sourceTree = BUILT_PRODUCTS_DIR; };
		FA3603761C8FCD4F001D124F /* main.m */ = {isa = PBXFileReference; lastKnownFileType = sourcecode.c.objc; path = main.m; sourceTree = "<group>"; };
		FA3603781C8FCD4F001D124F /* AppDelegate.h */ = {isa = PBXFileReference; lastKnownFileType = sourcecode.c.h; path = AppDelegate.h; sourceTree = "<group>"; };
		FA3603791C8FCD4F001D124F /* AppDelegate.m */ = {isa = PBXFileReference; lastKnownFileType = sourcecode.c.objc; path = AppDelegate.m; sourceTree = "<group>"; };
		FA36037B1C8FCD4F001D124F /* ViewController.h */ = {isa = PBXFileReference; lastKnownFileType = sourcecode.c.h; path = ViewController.h; sourceTree = "<group>"; };
		FA36037C1C8FCD4F001D124F /* ViewController.m */ = {isa = PBXFileReference; lastKnownFileType = sourcecode.c.objc; path = ViewController.m; sourceTree = "<group>"; };
		FA36037F1C8FCD4F001D124F /* Base */ = {isa = PBXFileReference; lastKnownFileType = file.storyboard; name = Base; path = Base.lproj/Main.storyboard; sourceTree = "<group>"; };
		FA3603841C8FCD4F001D124F /* Base */ = {isa = PBXFileReference; lastKnownFileType = file.storyboard; name = Base; path = Base.lproj/LaunchScreen.storyboard; sourceTree = "<group>"; };
		FA3603861C8FCD4F001D124F /* Info.plist */ = {isa = PBXFileReference; lastKnownFileType = text.plist.xml; path = Info.plist; sourceTree = "<group>"; };
		FA3603B41C8FEB6F001D124F /* PrefixHeader.pch */ = {isa = PBXFileReference; lastKnownFileType = sourcecode.c.h; path = PrefixHeader.pch; sourceTree = "<group>"; };
		FA3603BA1C8FEC25001D124F /* TestController.h */ = {isa = PBXFileReference; fileEncoding = 4; lastKnownFileType = sourcecode.c.h; path = TestController.h; sourceTree = "<group>"; };
		FA3603BB1C8FEC25001D124F /* TestController.m */ = {isa = PBXFileReference; fileEncoding = 4; lastKnownFileType = sourcecode.c.objc; path = TestController.m; sourceTree = "<group>"; };
		FA3603BD1C8FF0E1001D124F /* UIButton+Copy.h */ = {isa = PBXFileReference; fileEncoding = 4; lastKnownFileType = sourcecode.c.h; path = "UIButton+Copy.h"; sourceTree = "<group>"; };
		FA3603BE1C8FF0E1001D124F /* UIButton+Copy.m */ = {isa = PBXFileReference; fileEncoding = 4; lastKnownFileType = sourcecode.c.objc; path = "UIButton+Copy.m"; sourceTree = "<group>"; };
		FA3603C11C8FF6F6001D124F /* GTMBase64.h */ = {isa = PBXFileReference; fileEncoding = 4; lastKnownFileType = sourcecode.c.h; path = GTMBase64.h; sourceTree = "<group>"; };
		FA3603C21C8FF6F6001D124F /* GTMBase64.m */ = {isa = PBXFileReference; fileEncoding = 4; lastKnownFileType = sourcecode.c.objc; path = GTMBase64.m; sourceTree = "<group>"; };
		FA3603C41C8FF710001D124F /* GTMDefines.h */ = {isa = PBXFileReference; fileEncoding = 4; lastKnownFileType = sourcecode.c.h; path = GTMDefines.h; sourceTree = "<group>"; };
		FA3603C51C8FF97E001D124F /* UIFont+Name.h */ = {isa = PBXFileReference; fileEncoding = 4; lastKnownFileType = sourcecode.c.h; path = "UIFont+Name.h"; sourceTree = "<group>"; };
		FA3603C61C8FF97E001D124F /* UIFont+Name.m */ = {isa = PBXFileReference; fileEncoding = 4; lastKnownFileType = sourcecode.c.objc; path = "UIFont+Name.m"; sourceTree = "<group>"; };
		FA3603CA1C8FFC4E001D124F /* PathView.h */ = {isa = PBXFileReference; fileEncoding = 4; lastKnownFileType = sourcecode.c.h; path = PathView.h; sourceTree = "<group>"; };
		FA3603CB1C8FFC4E001D124F /* PathView.m */ = {isa = PBXFileReference; fileEncoding = 4; lastKnownFileType = sourcecode.c.objc; path = PathView.m; sourceTree = "<group>"; };
		FA3603CE1C8FFE09001D124F /* iOS_FontName.gif */ = {isa = PBXFileReference; lastKnownFileType = image.gif; path = iOS_FontName.gif; sourceTree = "<group>"; };
		FA3E7DF51D2A680300E1AA61 /* Bezier&CGRefController.h */ = {isa = PBXFileReference; fileEncoding = 4; lastKnownFileType = sourcecode.c.h; path = "Bezier&CGRefController.h"; sourceTree = "<group>"; };
		FA3E7DF61D2A680300E1AA61 /* Bezier&CGRefController.m */ = {isa = PBXFileReference; fileEncoding = 4; lastKnownFileType = sourcecode.c.objc; path = "Bezier&CGRefController.m"; sourceTree = "<group>"; };
		FA3E7DF81D2A686400E1AA61 /* CustomView.h */ = {isa = PBXFileReference; fileEncoding = 4; lastKnownFileType = sourcecode.c.h; path = CustomView.h; sourceTree = "<group>"; };
		FA3E7DF91D2A686400E1AA61 /* CustomView.m */ = {isa = PBXFileReference; fileEncoding = 4; lastKnownFileType = sourcecode.c.objc; path = CustomView.m; sourceTree = "<group>"; };
		FA3E7DFA1D2A686400E1AA61 /* cc.jpg */ = {isa = PBXFileReference; lastKnownFileType = image.jpeg; path = cc.jpg; sourceTree = "<group>"; };
		FA3E7DFE1D2A69F500E1AA61 /* BezierTORefreshController.h */ = {isa = PBXFileReference; fileEncoding = 4; lastKnownFileType = sourcecode.c.h; path = BezierTORefreshController.h; sourceTree = "<group>"; };
		FA3E7DFF1D2A69F500E1AA61 /* BezierTORefreshController.m */ = {isa = PBXFileReference; fileEncoding = 4; lastKnownFileType = sourcecode.c.objc; path = BezierTORefreshController.m; sourceTree = "<group>"; };
		FA3E7E011D2A6A0300E1AA61 /* RYCuteView.h */ = {isa = PBXFileReference; fileEncoding = 4; lastKnownFileType = sourcecode.c.h; path = RYCuteView.h; sourceTree = "<group>"; };
		FA3E7E021D2A6A0300E1AA61 /* RYCuteView.m */ = {isa = PBXFileReference; fileEncoding = 4; lastKnownFileType = sourcecode.c.objc; path = RYCuteView.m; sourceTree = "<group>"; };
		FA3F3E031D2276BE00BC33CF /* iOS_CodeDemo-Bridging-Header.h */ = {isa = PBXFileReference; lastKnownFileType = sourcecode.c.h; path = "iOS_CodeDemo-Bridging-Header.h"; sourceTree = "<group>"; };
		FA3F3E041D2276BE00BC33CF /* FontTableController.swift */ = {isa = PBXFileReference; fileEncoding = 4; lastKnownFileType = sourcecode.swift; path = FontTableController.swift; sourceTree = "<group>"; };
		FA40D4F41C91070D00500523 /* NSArray+Log.h */ = {isa = PBXFileReference; fileEncoding = 4; lastKnownFileType = sourcecode.c.h; path = "NSArray+Log.h"; sourceTree = "<group>"; };
		FA40D4F51C91070D00500523 /* NSArray+Log.m */ = {isa = PBXFileReference; fileEncoding = 4; lastKnownFileType = sourcecode.c.objc; path = "NSArray+Log.m"; sourceTree = "<group>"; };
		FA40D4F61C91070D00500523 /* NSDictionary+Log.h */ = {isa = PBXFileReference; fileEncoding = 4; lastKnownFileType = sourcecode.c.h; path = "NSDictionary+Log.h"; sourceTree = "<group>"; };
		FA40D4F71C91070D00500523 /* NSDictionary+Log.m */ = {isa = PBXFileReference; fileEncoding = 4; lastKnownFileType = sourcecode.c.objc; path = "NSDictionary+Log.m"; sourceTree = "<group>"; };
		FA40D4F81C91070D00500523 /* UIView+Extension.h */ = {isa = PBXFileReference; fileEncoding = 4; lastKnownFileType = sourcecode.c.h; path = "UIView+Extension.h"; sourceTree = "<group>"; };
		FA40D4F91C91070D00500523 /* UIView+Extension.m */ = {isa = PBXFileReference; fileEncoding = 4; lastKnownFileType = sourcecode.c.objc; path = "UIView+Extension.m"; sourceTree = "<group>"; };
		FA40D4FD1C910AB700500523 /* UIImage+Color.h */ = {isa = PBXFileReference; fileEncoding = 4; lastKnownFileType = sourcecode.c.h; path = "UIImage+Color.h"; sourceTree = "<group>"; };
		FA40D4FE1C910AB700500523 /* UIImage+Color.m */ = {isa = PBXFileReference; fileEncoding = 4; lastKnownFileType = sourcecode.c.objc; path = "UIImage+Color.m"; sourceTree = "<group>"; };
		FA40D4FF1C910AB700500523 /* UIImage+Extension.h */ = {isa = PBXFileReference; fileEncoding = 4; lastKnownFileType = sourcecode.c.h; path = "UIImage+Extension.h"; sourceTree = "<group>"; };
		FA40D5001C910AB700500523 /* UIImage+Extension.m */ = {isa = PBXFileReference; fileEncoding = 4; lastKnownFileType = sourcecode.c.objc; path = "UIImage+Extension.m"; sourceTree = "<group>"; };
		FA40D5011C910AB700500523 /* UIDevice+DeviceType.h */ = {isa = PBXFileReference; fileEncoding = 4; lastKnownFileType = sourcecode.c.h; path = "UIDevice+DeviceType.h"; sourceTree = "<group>"; };
		FA40D5021C910AB700500523 /* UIDevice+DeviceType.m */ = {isa = PBXFileReference; fileEncoding = 4; lastKnownFileType = sourcecode.c.objc; path = "UIDevice+DeviceType.m"; sourceTree = "<group>"; };
		FA40D5031C910AB700500523 /* NSString+Extension.h */ = {isa = PBXFileReference; fileEncoding = 4; lastKnownFileType = sourcecode.c.h; path = "NSString+Extension.h"; sourceTree = "<group>"; };
		FA40D5041C910AB700500523 /* NSString+Extension.m */ = {isa = PBXFileReference; fileEncoding = 4; lastKnownFileType = sourcecode.c.objc; path = "NSString+Extension.m"; sourceTree = "<group>"; };
		FA40D5091C910D5100500523 /* MapController.h */ = {isa = PBXFileReference; fileEncoding = 4; lastKnownFileType = sourcecode.c.h; path = MapController.h; sourceTree = "<group>"; };
		FA40D50A1C910D5100500523 /* MapController.m */ = {isa = PBXFileReference; fileEncoding = 4; lastKnownFileType = sourcecode.c.objc; path = MapController.m; sourceTree = "<group>"; };
		FA40D50D1C91112400500523 /* MapSearchController.h */ = {isa = PBXFileReference; fileEncoding = 4; lastKnownFileType = sourcecode.c.h; path = MapSearchController.h; sourceTree = "<group>"; };
		FA40D50E1C91112400500523 /* MapSearchController.m */ = {isa = PBXFileReference; fileEncoding = 4; lastKnownFileType = sourcecode.c.objc; path = MapSearchController.m; sourceTree = "<group>"; };
		FA40D5101C9118B200500523 /* CustomNaviViewController.h */ = {isa = PBXFileReference; fileEncoding = 4; lastKnownFileType = sourcecode.c.h; path = CustomNaviViewController.h; sourceTree = "<group>"; };
		FA40D5111C9118B200500523 /* CustomNaviViewController.m */ = {isa = PBXFileReference; fileEncoding = 4; lastKnownFileType = sourcecode.c.objc; path = CustomNaviViewController.m; sourceTree = "<group>"; };
		FA40D5131C9118CD00500523 /* UIBarButtonItem+Extension.h */ = {isa = PBXFileReference; fileEncoding = 4; lastKnownFileType = sourcecode.c.h; path = "UIBarButtonItem+Extension.h"; sourceTree = "<group>"; };
		FA40D5141C9118CD00500523 /* UIBarButtonItem+Extension.m */ = {isa = PBXFileReference; fileEncoding = 4; lastKnownFileType = sourcecode.c.objc; path = "UIBarButtonItem+Extension.m"; sourceTree = "<group>"; };
		FA40D5161C91190B00500523 /* CustomNavigationBar.h */ = {isa = PBXFileReference; fileEncoding = 4; lastKnownFileType = sourcecode.c.h; path = CustomNavigationBar.h; sourceTree = "<group>"; };
		FA40D5171C91190B00500523 /* CustomNavigationBar.m */ = {isa = PBXFileReference; fileEncoding = 4; lastKnownFileType = sourcecode.c.objc; path = CustomNavigationBar.m; sourceTree = "<group>"; };
		FA4966BD1CA7664C00F027C1 /* KeyWordsView.h */ = {isa = PBXFileReference; fileEncoding = 4; lastKnownFileType = sourcecode.c.h; path = KeyWordsView.h; sourceTree = "<group>"; };
		FA4966BE1CA7664C00F027C1 /* KeyWordsView.m */ = {isa = PBXFileReference; fileEncoding = 4; lastKnownFileType = sourcecode.c.objc; path = KeyWordsView.m; sourceTree = "<group>"; };
		FA5951331D549999007F026F /* BezierView.h */ = {isa = PBXFileReference; fileEncoding = 4; lastKnownFileType = sourcecode.c.h; path = BezierView.h; sourceTree = "<group>"; };
		FA5951341D549999007F026F /* BezierView.m */ = {isa = PBXFileReference; fileEncoding = 4; lastKnownFileType = sourcecode.c.objc; path = BezierView.m; sourceTree = "<group>"; };
		FA5951361D5499BF007F026F /* CoreAnimationController.h */ = {isa = PBXFileReference; fileEncoding = 4; lastKnownFileType = sourcecode.c.h; path = CoreAnimationController.h; sourceTree = "<group>"; };
		FA5951371D5499BF007F026F /* CoreAnimationController.m */ = {isa = PBXFileReference; fileEncoding = 4; lastKnownFileType = sourcecode.c.objc; path = CoreAnimationController.m; sourceTree = "<group>"; };
		FA5E2E491CFA8EC400EE6865 /* UIViewController+Deliver.h */ = {isa = PBXFileReference; fileEncoding = 4; lastKnownFileType = sourcecode.c.h; path = "UIViewController+Deliver.h"; sourceTree = "<group>"; };
		FA5E2E4A1CFA8EC400EE6865 /* UIViewController+Deliver.m */ = {isa = PBXFileReference; fileEncoding = 4; lastKnownFileType = sourcecode.c.objc; path = "UIViewController+Deliver.m"; sourceTree = "<group>"; };
		FA67B5FC1CACBB780069C5C5 /* CommonTool.h */ = {isa = PBXFileReference; fileEncoding = 4; lastKnownFileType = sourcecode.c.h; path = CommonTool.h; sourceTree = "<group>"; };
		FA67B5FD1CACBB780069C5C5 /* CommonTool.m */ = {isa = PBXFileReference; fileEncoding = 4; lastKnownFileType = sourcecode.c.objc; path = CommonTool.m; sourceTree = "<group>"; };
		FA9645A21CAE6D5F00A5B38B /* MainTableViewController.h */ = {isa = PBXFileReference; fileEncoding = 4; lastKnownFileType = sourcecode.c.h; path = MainTableViewController.h; sourceTree = "<group>"; };
		FA9645A31CAE6D5F00A5B38B /* MainTableViewController.m */ = {isa = PBXFileReference; fileEncoding = 4; lastKnownFileType = sourcecode.c.objc; path = MainTableViewController.m; sourceTree = "<group>"; };
		FA9645A51CAE752C00A5B38B /* PhoneViewController.h */ = {isa = PBXFileReference; fileEncoding = 4; lastKnownFileType = sourcecode.c.h; path = PhoneViewController.h; sourceTree = "<group>"; };
		FA9645A61CAE752C00A5B38B /* PhoneViewController.m */ = {isa = PBXFileReference; fileEncoding = 4; lastKnownFileType = sourcecode.c.objc; path = PhoneViewController.m; sourceTree = "<group>"; };
		FAA402431D5308EC00263095 /* WQItemController.h */ = {isa = PBXFileReference; fileEncoding = 4; lastKnownFileType = sourcecode.c.h; path = WQItemController.h; sourceTree = "<group>"; };
		FAA402441D5308EC00263095 /* WQItemController.m */ = {isa = PBXFileReference; fileEncoding = 4; lastKnownFileType = sourcecode.c.objc; path = WQItemController.m; sourceTree = "<group>"; };
		FAA402461D53093F00263095 /* WQMenu.h */ = {isa = PBXFileReference; fileEncoding = 4; lastKnownFileType = sourcecode.c.h; path = WQMenu.h; sourceTree = "<group>"; };
		FAA402471D53093F00263095 /* WQMenu.m */ = {isa = PBXFileReference; fileEncoding = 4; lastKnownFileType = sourcecode.c.objc; path = WQMenu.m; sourceTree = "<group>"; };
		FAA4027F1D5328B200263095 /* DismissingAnimator.h */ = {isa = PBXFileReference; fileEncoding = 4; lastKnownFileType = sourcecode.c.h; path = DismissingAnimator.h; sourceTree = "<group>"; };
		FAA402801D5328B200263095 /* DismissingAnimator.m */ = {isa = PBXFileReference; fileEncoding = 4; lastKnownFileType = sourcecode.c.objc; path = DismissingAnimator.m; sourceTree = "<group>"; };
		FAA402811D5328B200263095 /* PresentingAnimator.h */ = {isa = PBXFileReference; fileEncoding = 4; lastKnownFileType = sourcecode.c.h; path = PresentingAnimator.h; sourceTree = "<group>"; };
		FAA402821D5328B200263095 /* PresentingAnimator.m */ = {isa = PBXFileReference; fileEncoding = 4; lastKnownFileType = sourcecode.c.objc; path = PresentingAnimator.m; sourceTree = "<group>"; };
		FAA4028A1D53364800263095 /* UIView+touchExtendInset.h */ = {isa = PBXFileReference; fileEncoding = 4; lastKnownFileType = sourcecode.c.h; path = "UIView+touchExtendInset.h"; sourceTree = "<group>"; };
		FAA4028B1D53364800263095 /* UIView+touchExtendInset.m */ = {isa = PBXFileReference; fileEncoding = 4; lastKnownFileType = sourcecode.c.objc; path = "UIView+touchExtendInset.m"; sourceTree = "<group>"; };
		FAA4C4551CB38C400057CF1E /* Media.xcassets */ = {isa = PBXFileReference; lastKnownFileType = folder.assetcatalog; path = Media.xcassets; sourceTree = "<group>"; };
		FAA863BF1D5C4CB9001187BC /* WebCacheController.h */ = {isa = PBXFileReference; fileEncoding = 4; lastKnownFileType = sourcecode.c.h; path = WebCacheController.h; sourceTree = "<group>"; };
		FAA863C01D5C4CB9001187BC /* WebCacheController.m */ = {isa = PBXFileReference; fileEncoding = 4; lastKnownFileType = sourcecode.c.objc; path = WebCacheController.m; sourceTree = "<group>"; };
		FAA863C41D5C4DB2001187BC /* WebCachedData.h */ = {isa = PBXFileReference; fileEncoding = 4; lastKnownFileType = sourcecode.c.h; path = WebCachedData.h; sourceTree = "<group>"; };
		FAA863C51D5C4DB2001187BC /* WebCachedData.m */ = {isa = PBXFileReference; fileEncoding = 4; lastKnownFileType = sourcecode.c.objc; path = WebCachedData.m; sourceTree = "<group>"; };
		FAA863C61D5C4DB2001187BC /* CacheURLProtocol.h */ = {isa = PBXFileReference; fileEncoding = 4; lastKnownFileType = sourcecode.c.h; path = CacheURLProtocol.h; sourceTree = "<group>"; };
		FAA863C71D5C4DB2001187BC /* CacheURLProtocol.m */ = {isa = PBXFileReference; fileEncoding = 4; lastKnownFileType = sourcecode.c.objc; path = CacheURLProtocol.m; sourceTree = "<group>"; };
		FAA863CA1D5C4DC6001187BC /* NSString+Sha1.h */ = {isa = PBXFileReference; fileEncoding = 4; lastKnownFileType = sourcecode.c.h; path = "NSString+Sha1.h"; sourceTree = "<group>"; };
		FAA863CB1D5C4DC6001187BC /* NSString+Sha1.m */ = {isa = PBXFileReference; fileEncoding = 4; lastKnownFileType = sourcecode.c.objc; path = "NSString+Sha1.m"; sourceTree = "<group>"; };
		FAA863CC1D5C4DC6001187BC /* README.md */ = {isa = PBXFileReference; fileEncoding = 4; lastKnownFileType = net.daringfireball.markdown; path = README.md; sourceTree = "<group>"; };
		FAA863CD1D5C4DC6001187BC /* RNCachingURLProtocol.h */ = {isa = PBXFileReference; fileEncoding = 4; lastKnownFileType = sourcecode.c.h; path = RNCachingURLProtocol.h; sourceTree = "<group>"; };
		FAA863CE1D5C4DC6001187BC /* RNCachingURLProtocol.m */ = {isa = PBXFileReference; fileEncoding = 4; lastKnownFileType = sourcecode.c.objc; path = RNCachingURLProtocol.m; sourceTree = "<group>"; };
		FAA863CF1D5C4DC6001187BC /* Reachability.h */ = {isa = PBXFileReference; fileEncoding = 4; lastKnownFileType = sourcecode.c.h; path = Reachability.h; sourceTree = "<group>"; };
		FAA863D01D5C4DC6001187BC /* Reachability.m */ = {isa = PBXFileReference; fileEncoding = 4; lastKnownFileType = sourcecode.c.objc; path = Reachability.m; sourceTree = "<group>"; };
		FABB2D611D6EC05B0078FF57 /* UIButton+touch.h */ = {isa = PBXFileReference; fileEncoding = 4; lastKnownFileType = sourcecode.c.h; path = "UIButton+touch.h"; sourceTree = "<group>"; };
		FABB2D621D6EC05B0078FF57 /* UIButton+touch.m */ = {isa = PBXFileReference; fileEncoding = 4; lastKnownFileType = sourcecode.c.objc; path = "UIButton+touch.m"; sourceTree = "<group>"; };
		FAE7EE411D3607290031E184 /* StreamMediaController.h */ = {isa = PBXFileReference; fileEncoding = 4; lastKnownFileType = sourcecode.c.h; path = StreamMediaController.h; sourceTree = "<group>"; };
		FAE7EE421D3607290031E184 /* StreamMediaController.m */ = {isa = PBXFileReference; fileEncoding = 4; lastKnownFileType = sourcecode.c.objc; path = StreamMediaController.m; sourceTree = "<group>"; };
		FAE7EE471D3608730031E184 /* 1.mp4 */ = {isa = PBXFileReference; lastKnownFileType = file; path = 1.mp4; sourceTree = "<group>"; };
		FAE7EE481D3608730031E184 /* 4_circle.png */ = {isa = PBXFileReference; lastKnownFileType = image.png; path = 4_circle.png; sourceTree = "<group>"; };
		FAE7EE491D3608730031E184 /* 4_circle@2x.png */ = {isa = PBXFileReference; lastKnownFileType = image.png; path = "4_circle@2x.png"; sourceTree = "<group>"; };
		FAE7EE4A1D3608730031E184 /* 4_circle_on@2x.png */ = {isa = PBXFileReference; lastKnownFileType = image.png; path = "4_circle_on@2x.png"; sourceTree = "<group>"; };
		FAE7EE4B1D3608740031E184 /* keep5.png */ = {isa = PBXFileReference; lastKnownFileType = image.png; path = keep5.png; sourceTree = "<group>"; };
		FAE7EE4C1D3608740031E184 /* keep5@2x.png */ = {isa = PBXFileReference; lastKnownFileType = image.png; path = "keep5@2x.png"; sourceTree = "<group>"; };
		FAE7EE4D1D3608740031E184 /* keep6.png */ = {isa = PBXFileReference; lastKnownFileType = image.png; path = keep6.png; sourceTree = "<group>"; };
		FAE7EE4E1D3608740031E184 /* keep6@2x.png */ = {isa = PBXFileReference; lastKnownFileType = image.png; path = "keep6@2x.png"; sourceTree = "<group>"; };
		FAE7EE4F1D3608740031E184 /* keep6plus@3x.png */ = {isa = PBXFileReference; lastKnownFileType = image.png; path = "keep6plus@3x.png"; sourceTree = "<group>"; };
		FAE7EE501D3608740031E184 /* keep_logo.png */ = {isa = PBXFileReference; lastKnownFileType = image.png; path = keep_logo.png; sourceTree = "<group>"; };
		FAE7EE511D3608740031E184 /* keep_logo@2x.png */ = {isa = PBXFileReference; lastKnownFileType = image.png; path = "keep_logo@2x.png"; sourceTree = "<group>"; };
		FAE7EE521D3608740031E184 /* keep_logo@3x.png */ = {isa = PBXFileReference; lastKnownFileType = image.png; path = "keep_logo@3x.png"; sourceTree = "<group>"; };
		FAE7EE531D3608740031E184 /* keepkeep.png */ = {isa = PBXFileReference; lastKnownFileType = image.png; path = keepkeep.png; sourceTree = "<group>"; };
		FAE7EE541D3608740031E184 /* keepkeep@2x.png */ = {isa = PBXFileReference; lastKnownFileType = image.png; path = "keepkeep@2x.png"; sourceTree = "<group>"; };
		FAE7EE551D3608740031E184 /* keepkeep@3x.png */ = {isa = PBXFileReference; lastKnownFileType = image.png; path = "keepkeep@3x.png"; sourceTree = "<group>"; };
		FAE7EE651D36088F0031E184 /* BaseViewController.h */ = {isa = PBXFileReference; fileEncoding = 4; lastKnownFileType = sourcecode.c.h; path = BaseViewController.h; sourceTree = "<group>"; };
		FAE7EE661D36088F0031E184 /* BaseViewController.m */ = {isa = PBXFileReference; fileEncoding = 4; lastKnownFileType = sourcecode.c.objc; path = BaseViewController.m; sourceTree = "<group>"; };
		FAE7EE6A1D36096F0031E184 /* StreamMediaController.storyboard */ = {isa = PBXFileReference; fileEncoding = 4; lastKnownFileType = file.storyboard; path = StreamMediaController.storyboard; sourceTree = "<group>"; };
/* End PBXFileReference section */

/* Begin PBXFrameworksBuildPhase section */
		FA36036F1C8FCD4F001D124F /* Frameworks */ = {
			isa = PBXFrameworksBuildPhase;
			buildActionMask = 2147483647;
			files = (
			);
			runOnlyForDeploymentPostprocessing = 0;
		};
/* End PBXFrameworksBuildPhase section */

/* Begin PBXGroup section */
		FA3603691C8FCD4F001D124F = {
			isa = PBXGroup;
			children = (
				FA3603741C8FCD4F001D124F /* iOS_CodeDemo */,
				FA3603731C8FCD4F001D124F /* Products */,
			);
			sourceTree = "<group>";
		};
		FA3603731C8FCD4F001D124F /* Products */ = {
			isa = PBXGroup;
			children = (
				FA3603721C8FCD4F001D124F /* iOS_CodeDemo.app */,
			);
			name = Products;
			sourceTree = "<group>";
		};
		FA3603741C8FCD4F001D124F /* iOS_CodeDemo */ = {
			isa = PBXGroup;
			children = (
				FA3603781C8FCD4F001D124F /* AppDelegate.h */,
				FA3603791C8FCD4F001D124F /* AppDelegate.m */,
				FA3603B41C8FEB6F001D124F /* PrefixHeader.pch */,
				FA9645A21CAE6D5F00A5B38B /* MainTableViewController.h */,
				FA9645A31CAE6D5F00A5B38B /* MainTableViewController.m */,
				FA36037B1C8FCD4F001D124F /* ViewController.h */,
				FA36037C1C8FCD4F001D124F /* ViewController.m */,
				FA3603BA1C8FEC25001D124F /* TestController.h */,
				FA3603BB1C8FEC25001D124F /* TestController.m */,
				FAA863BE1D5C4C89001187BC /* WebCache */,
				FAA8CA2C1D584EE60076A51B /* Text */,
				FA5951321D549985007F026F /* CoreAnimation */,
				FAA402421D5308D100263095 /* WQItem */,
				FAE7EE401D3606B00031E184 /* StreamMedia */,
				FA3E7DFD1D2A69CF00E1AA61 /* BezierPathToRefreshVC */,
				FA3E7DF41D2A67B700E1AA61 /* Bezier&CGContextRefVC */,
				FA3F3E071D2276DC00BC33CF /* PhoneVC */,
				FA3F3E061D2276D100BC33CF /* FontVC */,
				FA40D50C1C9110F900500523 /* MapVC */,
				FA3603C91C8FFC3B001D124F /* BASE */,
				FA3603C01C8FF6E5001D124F /* Library */,
				FA3603B51C8FEB87001D124F /* Categroy */,
				FA3603CD1C8FFDEB001D124F /* Resource */,
				FA36037E1C8FCD4F001D124F /* Main.storyboard */,
				FA3603831C8FCD4F001D124F /* LaunchScreen.storyboard */,
				FAA4C4551CB38C400057CF1E /* Media.xcassets */,
				FA3603861C8FCD4F001D124F /* Info.plist */,
				FA3603751C8FCD4F001D124F /* Supporting Files */,
			);
			path = iOS_CodeDemo;
			sourceTree = "<group>";
		};
		FA3603751C8FCD4F001D124F /* Supporting Files */ = {
			isa = PBXGroup;
			children = (
				FA3603761C8FCD4F001D124F /* main.m */,
			);
			name = "Supporting Files";
			sourceTree = "<group>";
		};
		FA3603B51C8FEB87001D124F /* Categroy */ = {
			isa = PBXGroup;
			children = (
				FA40D4F41C91070D00500523 /* NSArray+Log.h */,
				FA40D4F51C91070D00500523 /* NSArray+Log.m */,
				FA40D4F61C91070D00500523 /* NSDictionary+Log.h */,
				FA40D4F71C91070D00500523 /* NSDictionary+Log.m */,
				FA191DF41CA12FA7006DBB7A /* UITableView+Keyboard.h */,
				FA191DF51CA12FA7006DBB7A /* UITableView+Keyboard.m */,
				FA40D4F81C91070D00500523 /* UIView+Extension.h */,
				FA40D4F91C91070D00500523 /* UIView+Extension.m */,
				FAA4028A1D53364800263095 /* UIView+touchExtendInset.h */,
				FAA4028B1D53364800263095 /* UIView+touchExtendInset.m */,
				FA40D5131C9118CD00500523 /* UIBarButtonItem+Extension.h */,
				FA40D5141C9118CD00500523 /* UIBarButtonItem+Extension.m */,
				FA3603C51C8FF97E001D124F /* UIFont+Name.h */,
				FA3603C61C8FF97E001D124F /* UIFont+Name.m */,
				FA5E2E491CFA8EC400EE6865 /* UIViewController+Deliver.h */,
				FA5E2E4A1CFA8EC400EE6865 /* UIViewController+Deliver.m */,
				FABB2D611D6EC05B0078FF57 /* UIButton+touch.h */,
				FABB2D621D6EC05B0078FF57 /* UIButton+touch.m */,
				FA3603BD1C8FF0E1001D124F /* UIButton+Copy.h */,
				FA3603BE1C8FF0E1001D124F /* UIButton+Copy.m */,
				FA40D4FD1C910AB700500523 /* UIImage+Color.h */,
				FA40D4FE1C910AB700500523 /* UIImage+Color.m */,
				FA40D4FF1C910AB700500523 /* UIImage+Extension.h */,
				FA40D5001C910AB700500523 /* UIImage+Extension.m */,
				FA40D5011C910AB700500523 /* UIDevice+DeviceType.h */,
				FA40D5021C910AB700500523 /* UIDevice+DeviceType.m */,
				FA40D5031C910AB700500523 /* NSString+Extension.h */,
				FA40D5041C910AB700500523 /* NSString+Extension.m */,
			);
			name = Categroy;
			sourceTree = "<group>";
		};
		FA3603C01C8FF6E5001D124F /* Library */ = {
			isa = PBXGroup;
			children = (
				FA67B5FC1CACBB780069C5C5 /* CommonTool.h */,
				FA67B5FD1CACBB780069C5C5 /* CommonTool.m */,
				FA3603C11C8FF6F6001D124F /* GTMBase64.h */,
				FA3603C21C8FF6F6001D124F /* GTMBase64.m */,
				FA3603C41C8FF710001D124F /* GTMDefines.h */,
			);
			name = Library;
			sourceTree = "<group>";
		};
		FA3603C91C8FFC3B001D124F /* BASE */ = {
			isa = PBXGroup;
			children = (
				FAA402851D5328B600263095 /* pushAnimate */,
				FAE7EE651D36088F0031E184 /* BaseViewController.h */,
				FAE7EE661D36088F0031E184 /* BaseViewController.m */,
				FA40D5101C9118B200500523 /* CustomNaviViewController.h */,
				FA40D5111C9118B200500523 /* CustomNaviViewController.m */,
				FA40D5161C91190B00500523 /* CustomNavigationBar.h */,
				FA40D5171C91190B00500523 /* CustomNavigationBar.m */,
				FA4966BD1CA7664C00F027C1 /* KeyWordsView.h */,
				FA4966BE1CA7664C00F027C1 /* KeyWordsView.m */,
				FA3603CA1C8FFC4E001D124F /* PathView.h */,
				FA3603CB1C8FFC4E001D124F /* PathView.m */,
			);
			name = BASE;
			sourceTree = "<group>";
		};
		FA3603CD1C8FFDEB001D124F /* Resource */ = {
			isa = PBXGroup;
			children = (
				FA3603CE1C8FFE09001D124F /* iOS_FontName.gif */,
			);
			name = Resource;
			sourceTree = "<group>";
		};
		FA3E7DF41D2A67B700E1AA61 /* Bezier&CGContextRefVC */ = {
			isa = PBXGroup;
			children = (
				FA3E7DF51D2A680300E1AA61 /* Bezier&CGRefController.h */,
				FA3E7DF61D2A680300E1AA61 /* Bezier&CGRefController.m */,
				FA3E7DF81D2A686400E1AA61 /* CustomView.h */,
				FA3E7DF91D2A686400E1AA61 /* CustomView.m */,
				FA3E7DFA1D2A686400E1AA61 /* cc.jpg */,
			);
			name = "Bezier&CGContextRefVC";
			sourceTree = "<group>";
		};
		FA3E7DFD1D2A69CF00E1AA61 /* BezierPathToRefreshVC */ = {
			isa = PBXGroup;
			children = (
				FA3E7DFE1D2A69F500E1AA61 /* BezierTORefreshController.h */,
				FA3E7DFF1D2A69F500E1AA61 /* BezierTORefreshController.m */,
				FA3E7E011D2A6A0300E1AA61 /* RYCuteView.h */,
				FA3E7E021D2A6A0300E1AA61 /* RYCuteView.m */,
			);
			name = BezierPathToRefreshVC;
			sourceTree = "<group>";
		};
		FA3F3E061D2276D100BC33CF /* FontVC */ = {
			isa = PBXGroup;
			children = (
				FA3F3E041D2276BE00BC33CF /* FontTableController.swift */,
				FA3F3E031D2276BE00BC33CF /* iOS_CodeDemo-Bridging-Header.h */,
			);
			name = FontVC;
			sourceTree = "<group>";
		};
		FA3F3E071D2276DC00BC33CF /* PhoneVC */ = {
			isa = PBXGroup;
			children = (
				FA9645A51CAE752C00A5B38B /* PhoneViewController.h */,
				FA9645A61CAE752C00A5B38B /* PhoneViewController.m */,
			);
			name = PhoneVC;
			sourceTree = "<group>";
		};
		FA40D50C1C9110F900500523 /* MapVC */ = {
			isa = PBXGroup;
			children = (
				FA40D5091C910D5100500523 /* MapController.h */,
				FA40D50A1C910D5100500523 /* MapController.m */,
				FA40D50D1C91112400500523 /* MapSearchController.h */,
				FA40D50E1C91112400500523 /* MapSearchController.m */,
			);
			name = MapVC;
			sourceTree = "<group>";
		};
		FA5951321D549985007F026F /* CoreAnimation */ = {
			isa = PBXGroup;
			children = (
				FA5951361D5499BF007F026F /* CoreAnimationController.h */,
				FA5951371D5499BF007F026F /* CoreAnimationController.m */,
				FA5951331D549999007F026F /* BezierView.h */,
				FA5951341D549999007F026F /* BezierView.m */,
			);
			name = CoreAnimation;
			sourceTree = "<group>";
		};
		FAA402421D5308D100263095 /* WQItem */ = {
			isa = PBXGroup;
			children = (
				FAA402431D5308EC00263095 /* WQItemController.h */,
				FAA402441D5308EC00263095 /* WQItemController.m */,
				FAA402461D53093F00263095 /* WQMenu.h */,
				FAA402471D53093F00263095 /* WQMenu.m */,
			);
			name = WQItem;
			sourceTree = "<group>";
		};
		FAA402851D5328B600263095 /* pushAnimate */ = {
			isa = PBXGroup;
			children = (
				FAA4027F1D5328B200263095 /* DismissingAnimator.h */,
				FAA402801D5328B200263095 /* DismissingAnimator.m */,
				FAA402811D5328B200263095 /* PresentingAnimator.h */,
				FAA402821D5328B200263095 /* PresentingAnimator.m */,
			);
			name = pushAnimate;
			sourceTree = "<group>";
		};
		FAA863BE1D5C4C89001187BC /* WebCache */ = {
			isa = PBXGroup;
			children = (
				FAA863BF1D5C4CB9001187BC /* WebCacheController.h */,
				FAA863C01D5C4CB9001187BC /* WebCacheController.m */,
				FAA863C21D5C4D92001187BC /* CacheWay1 */,
				FAA863C31D5C4D9F001187BC /* CacheWay2 */,
			);
			name = WebCache;
			sourceTree = "<group>";
		};
		FAA863C21D5C4D92001187BC /* CacheWay1 */ = {
			isa = PBXGroup;
			children = (
				FAA863C41D5C4DB2001187BC /* WebCachedData.h */,
				FAA863C51D5C4DB2001187BC /* WebCachedData.m */,
				FAA863C61D5C4DB2001187BC /* CacheURLProtocol.h */,
				FAA863C71D5C4DB2001187BC /* CacheURLProtocol.m */,
			);
			name = CacheWay1;
			sourceTree = "<group>";
		};
		FAA863C31D5C4D9F001187BC /* CacheWay2 */ = {
			isa = PBXGroup;
			children = (
				FAA863CA1D5C4DC6001187BC /* NSString+Sha1.h */,
				FAA863CB1D5C4DC6001187BC /* NSString+Sha1.m */,
				FAA863CC1D5C4DC6001187BC /* README.md */,
				FAA863CD1D5C4DC6001187BC /* RNCachingURLProtocol.h */,
				FAA863CE1D5C4DC6001187BC /* RNCachingURLProtocol.m */,
				FAA863CF1D5C4DC6001187BC /* Reachability.h */,
				FAA863D01D5C4DC6001187BC /* Reachability.m */,
			);
			name = CacheWay2;
			sourceTree = "<group>";
		};
		FAA8CA2C1D584EE60076A51B /* Text */ = {
			isa = PBXGroup;
			children = (
			);
			name = Text;
			sourceTree = "<group>";
		};
		FAE7EE401D3606B00031E184 /* StreamMedia */ = {
			isa = PBXGroup;
			children = (
				FAE7EE411D3607290031E184 /* StreamMediaController.h */,
				FAE7EE421D3607290031E184 /* StreamMediaController.m */,
				FAE7EE6A1D36096F0031E184 /* StreamMediaController.storyboard */,
				FAE7EE461D3608730031E184 /* Resource */,
			);
			name = StreamMedia;
			sourceTree = "<group>";
		};
		FAE7EE461D3608730031E184 /* Resource */ = {
			isa = PBXGroup;
			children = (
				FAE7EE471D3608730031E184 /* 1.mp4 */,
				FAE7EE481D3608730031E184 /* 4_circle.png */,
				FAE7EE491D3608730031E184 /* 4_circle@2x.png */,
				FAE7EE4A1D3608730031E184 /* 4_circle_on@2x.png */,
				FAE7EE4B1D3608740031E184 /* keep5.png */,
				FAE7EE4C1D3608740031E184 /* keep5@2x.png */,
				FAE7EE4D1D3608740031E184 /* keep6.png */,
				FAE7EE4E1D3608740031E184 /* keep6@2x.png */,
				FAE7EE4F1D3608740031E184 /* keep6plus@3x.png */,
				FAE7EE501D3608740031E184 /* keep_logo.png */,
				FAE7EE511D3608740031E184 /* keep_logo@2x.png */,
				FAE7EE521D3608740031E184 /* keep_logo@3x.png */,
				FAE7EE531D3608740031E184 /* keepkeep.png */,
				FAE7EE541D3608740031E184 /* keepkeep@2x.png */,
				FAE7EE551D3608740031E184 /* keepkeep@3x.png */,
			);
			path = Resource;
			sourceTree = "<group>";
		};
/* End PBXGroup section */

/* Begin PBXNativeTarget section */
		FA3603711C8FCD4F001D124F /* iOS_CodeDemo */ = {
			isa = PBXNativeTarget;
			buildConfigurationList = FA3603891C8FCD4F001D124F /* Build configuration list for PBXNativeTarget "iOS_CodeDemo" */;
			buildPhases = (
				FA36036E1C8FCD4F001D124F /* Sources */,
				FA36036F1C8FCD4F001D124F /* Frameworks */,
				FA3603701C8FCD4F001D124F /* Resources */,
			);
			buildRules = (
			);
			dependencies = (
			);
			name = iOS_CodeDemo;
			productName = iOS_CodeDemo;
			productReference = FA3603721C8FCD4F001D124F /* iOS_CodeDemo.app */;
			productType = "com.apple.product-type.application";
		};
/* End PBXNativeTarget section */

/* Begin PBXProject section */
		FA36036A1C8FCD4F001D124F /* Project object */ = {
			isa = PBXProject;
			attributes = {
				LastSwiftUpdateCheck = 0730;
				LastUpgradeCheck = 0710;
				ORGANIZATIONNAME = "mac book";
				TargetAttributes = {
					FA3603711C8FCD4F001D124F = {
						CreatedOnToolsVersion = 7.1;
						DevelopmentTeam = LGTKM77CP2;
						LastSwiftMigration = 0800;
					};
				};
			};
			buildConfigurationList = FA36036D1C8FCD4F001D124F /* Build configuration list for PBXProject "iOS_CodeDemo" */;
			compatibilityVersion = "Xcode 3.2";
			developmentRegion = English;
			hasScannedForEncodings = 0;
			knownRegions = (
				en,
				Base,
			);
			mainGroup = FA3603691C8FCD4F001D124F;
			productRefGroup = FA3603731C8FCD4F001D124F /* Products */;
			projectDirPath = "";
			projectRoot = "";
			targets = (
				FA3603711C8FCD4F001D124F /* iOS_CodeDemo */,
			);
		};
/* End PBXProject section */

/* Begin PBXResourcesBuildPhase section */
		FA3603701C8FCD4F001D124F /* Resources */ = {
			isa = PBXResourcesBuildPhase;
			buildActionMask = 2147483647;
			files = (
				FAE7EE6B1D36096F0031E184 /* StreamMediaController.storyboard in Resources */,
				FAE7EE561D3608740031E184 /* 1.mp4 in Resources */,
				FA3E7DFC1D2A686400E1AA61 /* cc.jpg in Resources */,
				FAE7EE641D3608740031E184 /* keepkeep@3x.png in Resources */,
				FAE7EE631D3608740031E184 /* keepkeep@2x.png in Resources */,
				FAE7EE591D3608740031E184 /* 4_circle_on@2x.png in Resources */,
				FAE7EE5B1D3608740031E184 /* keep5@2x.png in Resources */,
				FAE7EE5E1D3608740031E184 /* keep6plus@3x.png in Resources */,
				FAE7EE5F1D3608740031E184 /* keep_logo.png in Resources */,
				FAE7EE581D3608740031E184 /* 4_circle@2x.png in Resources */,
				FAE7EE611D3608740031E184 /* keep_logo@3x.png in Resources */,
				FA3603851C8FCD4F001D124F /* LaunchScreen.storyboard in Resources */,
				FAE7EE5D1D3608740031E184 /* keep6@2x.png in Resources */,
				FAE7EE5A1D3608740031E184 /* keep5.png in Resources */,
				FAE7EE571D3608740031E184 /* 4_circle.png in Resources */,
				FA3603CF1C8FFE09001D124F /* iOS_FontName.gif in Resources */,
				FAA4C4561CB38C400057CF1E /* Media.xcassets in Resources */,
				FAE7EE621D3608740031E184 /* keepkeep.png in Resources */,
				FA3603801C8FCD4F001D124F /* Main.storyboard in Resources */,
				FAE7EE5C1D3608740031E184 /* keep6.png in Resources */,
				FAE7EE601D3608740031E184 /* keep_logo@2x.png in Resources */,
			);
			runOnlyForDeploymentPostprocessing = 0;
		};
/* End PBXResourcesBuildPhase section */

/* Begin PBXSourcesBuildPhase section */
		FA36036E1C8FCD4F001D124F /* Sources */ = {
			isa = PBXSourcesBuildPhase;
			buildActionMask = 2147483647;
			files = (
				FA40D5061C910AB700500523 /* UIImage+Extension.m in Sources */,
				FAA863D31D5C4DC6001187BC /* RNCachingURLProtocol.m in Sources */,
				FAA863C11D5C4CB9001187BC /* WebCacheController.m in Sources */,
				FA40D5071C910AB700500523 /* UIDevice+DeviceType.m in Sources */,
				FAA402841D5328B200263095 /* PresentingAnimator.m in Sources */,
				FA3603C71C8FF97E001D124F /* UIFont+Name.m in Sources */,
				FAA4028C1D53364800263095 /* UIView+touchExtendInset.m in Sources */,
				FA40D5151C9118CD00500523 /* UIBarButtonItem+Extension.m in Sources */,
				FAA402481D53093F00263095 /* WQMenu.m in Sources */,
				FAA863D41D5C4DC6001187BC /* Reachability.m in Sources */,
				FA36037D1C8FCD4F001D124F /* ViewController.m in Sources */,
				FA3E7DFB1D2A686400E1AA61 /* CustomView.m in Sources */,
				FA5951381D5499BF007F026F /* CoreAnimationController.m in Sources */,
				FA4966BF1CA7664C00F027C1 /* KeyWordsView.m in Sources */,
				FAE7EE671D36088F0031E184 /* BaseViewController.m in Sources */,
				FA3603CC1C8FFC4E001D124F /* PathView.m in Sources */,
				FAA863D11D5C4DC6001187BC /* NSString+Sha1.m in Sources */,
				FA36037A1C8FCD4F001D124F /* AppDelegate.m in Sources */,
				FA40D50B1C910D5100500523 /* MapController.m in Sources */,
				FAA863C91D5C4DB2001187BC /* CacheURLProtocol.m in Sources */,
				FA40D5121C9118B200500523 /* CustomNaviViewController.m in Sources */,
				FA191DF61CA12FA7006DBB7A /* UITableView+Keyboard.m in Sources */,
				FA40D4FB1C91070D00500523 /* NSDictionary+Log.m in Sources */,
				FA40D4FC1C91070D00500523 /* UIView+Extension.m in Sources */,
				FA5951351D549999007F026F /* BezierView.m in Sources */,
				FA40D4FA1C91070D00500523 /* NSArray+Log.m in Sources */,
				FA3E7E001D2A69F500E1AA61 /* BezierTORefreshController.m in Sources */,
				FA40D5181C91190B00500523 /* CustomNavigationBar.m in Sources */,
				FA3603771C8FCD4F001D124F /* main.m in Sources */,
				FAA402831D5328B200263095 /* DismissingAnimator.m in Sources */,
				FAE7EE441D3607290031E184 /* StreamMediaController.m in Sources */,
				FA9645A71CAE752C00A5B38B /* PhoneViewController.m in Sources */,
				FA40D50F1C91112400500523 /* MapSearchController.m in Sources */,
				FAA402451D5308EC00263095 /* WQItemController.m in Sources */,
				FA5E2E4B1CFA8EC400EE6865 /* UIViewController+Deliver.m in Sources */,
				FABB2D631D6EC05B0078FF57 /* UIButton+touch.m in Sources */,
				FA3603BF1C8FF0E1001D124F /* UIButton+Copy.m in Sources */,
				FA3603BC1C8FEC25001D124F /* TestController.m in Sources */,
				FA3603C31C8FF6F6001D124F /* GTMBase64.m in Sources */,
				FA3F3E051D2276BE00BC33CF /* FontTableController.swift in Sources */,
				FA40D5051C910AB700500523 /* UIImage+Color.m in Sources */,
				FAA863C81D5C4DB2001187BC /* WebCachedData.m in Sources */,
				FA67B5FE1CACBB780069C5C5 /* CommonTool.m in Sources */,
				FA9645A41CAE6D5F00A5B38B /* MainTableViewController.m in Sources */,
				FA3E7DF71D2A680300E1AA61 /* Bezier&CGRefController.m in Sources */,
				FAA863D21D5C4DC6001187BC /* README.md in Sources */,
				FA3E7E031D2A6A0300E1AA61 /* RYCuteView.m in Sources */,
				FA40D5081C910AB700500523 /* NSString+Extension.m in Sources */,
			);
			runOnlyForDeploymentPostprocessing = 0;
		};
/* End PBXSourcesBuildPhase section */

/* Begin PBXVariantGroup section */
		FA36037E1C8FCD4F001D124F /* Main.storyboard */ = {
			isa = PBXVariantGroup;
			children = (
				FA36037F1C8FCD4F001D124F /* Base */,
			);
			name = Main.storyboard;
			sourceTree = "<group>";
		};
		FA3603831C8FCD4F001D124F /* LaunchScreen.storyboard */ = {
			isa = PBXVariantGroup;
			children = (
				FA3603841C8FCD4F001D124F /* Base */,
			);
			name = LaunchScreen.storyboard;
			sourceTree = "<group>";
		};
/* End PBXVariantGroup section */

/* Begin XCBuildConfiguration section */
		FA3603871C8FCD4F001D124F /* Debug */ = {
			isa = XCBuildConfiguration;
			buildSettings = {
				ALWAYS_SEARCH_USER_PATHS = NO;
				CLANG_CXX_LANGUAGE_STANDARD = "gnu++0x";
				CLANG_CXX_LIBRARY = "libc++";
				CLANG_ENABLE_MODULES = YES;
				CLANG_ENABLE_OBJC_ARC = YES;
				CLANG_WARN_BOOL_CONVERSION = YES;
				CLANG_WARN_CONSTANT_CONVERSION = YES;
				CLANG_WARN_DIRECT_OBJC_ISA_USAGE = YES_ERROR;
				CLANG_WARN_EMPTY_BODY = YES;
				CLANG_WARN_ENUM_CONVERSION = YES;
				CLANG_WARN_INT_CONVERSION = YES;
				CLANG_WARN_OBJC_ROOT_CLASS = YES_ERROR;
				CLANG_WARN_UNREACHABLE_CODE = YES;
				CLANG_WARN__DUPLICATE_METHOD_MATCH = YES;
				"CODE_SIGN_IDENTITY[sdk=iphoneos*]" = "iPhone Developer";
				COPY_PHASE_STRIP = NO;
				DEBUG_INFORMATION_FORMAT = dwarf;
				ENABLE_STRICT_OBJC_MSGSEND = YES;
				ENABLE_TESTABILITY = YES;
				GCC_C_LANGUAGE_STANDARD = gnu99;
				GCC_DYNAMIC_NO_PIC = NO;
				GCC_NO_COMMON_BLOCKS = YES;
				GCC_OPTIMIZATION_LEVEL = 0;
				GCC_PREPROCESSOR_DEFINITIONS = (
					"DEBUG=1",
					"$(inherited)",
				);
				GCC_WARN_64_TO_32_BIT_CONVERSION = YES;
				GCC_WARN_ABOUT_RETURN_TYPE = YES_ERROR;
				GCC_WARN_UNDECLARED_SELECTOR = YES;
				GCC_WARN_UNINITIALIZED_AUTOS = YES_AGGRESSIVE;
				GCC_WARN_UNUSED_FUNCTION = YES;
				GCC_WARN_UNUSED_VARIABLE = YES;
				IPHONEOS_DEPLOYMENT_TARGET = 9.1;
				MTL_ENABLE_DEBUG_INFO = YES;
				ONLY_ACTIVE_ARCH = YES;
				SDKROOT = iphoneos;
				TARGETED_DEVICE_FAMILY = "1,2";
			};
			name = Debug;
		};
		FA3603881C8FCD4F001D124F /* Release */ = {
			isa = XCBuildConfiguration;
			buildSettings = {
				ALWAYS_SEARCH_USER_PATHS = NO;
				CLANG_CXX_LANGUAGE_STANDARD = "gnu++0x";
				CLANG_CXX_LIBRARY = "libc++";
				CLANG_ENABLE_MODULES = YES;
				CLANG_ENABLE_OBJC_ARC = YES;
				CLANG_WARN_BOOL_CONVERSION = YES;
				CLANG_WARN_CONSTANT_CONVERSION = YES;
				CLANG_WARN_DIRECT_OBJC_ISA_USAGE = YES_ERROR;
				CLANG_WARN_EMPTY_BODY = YES;
				CLANG_WARN_ENUM_CONVERSION = YES;
				CLANG_WARN_INT_CONVERSION = YES;
				CLANG_WARN_OBJC_ROOT_CLASS = YES_ERROR;
				CLANG_WARN_UNREACHABLE_CODE = YES;
				CLANG_WARN__DUPLICATE_METHOD_MATCH = YES;
				"CODE_SIGN_IDENTITY[sdk=iphoneos*]" = "iPhone Developer";
				COPY_PHASE_STRIP = NO;
				DEBUG_INFORMATION_FORMAT = "dwarf-with-dsym";
				ENABLE_NS_ASSERTIONS = NO;
				ENABLE_STRICT_OBJC_MSGSEND = YES;
				GCC_C_LANGUAGE_STANDARD = gnu99;
				GCC_NO_COMMON_BLOCKS = YES;
				GCC_WARN_64_TO_32_BIT_CONVERSION = YES;
				GCC_WARN_ABOUT_RETURN_TYPE = YES_ERROR;
				GCC_WARN_UNDECLARED_SELECTOR = YES;
				GCC_WARN_UNINITIALIZED_AUTOS = YES_AGGRESSIVE;
				GCC_WARN_UNUSED_FUNCTION = YES;
				GCC_WARN_UNUSED_VARIABLE = YES;
				IPHONEOS_DEPLOYMENT_TARGET = 9.1;
				MTL_ENABLE_DEBUG_INFO = NO;
				SDKROOT = iphoneos;
				TARGETED_DEVICE_FAMILY = "1,2";
				VALIDATE_PRODUCT = YES;
			};
			name = Release;
		};
		FA36038A1C8FCD4F001D124F /* Debug */ = {
			isa = XCBuildConfiguration;
			buildSettings = {
				ASSETCATALOG_COMPILER_APPICON_NAME = AppIcon;
				CLANG_ENABLE_MODULES = YES;
				DEVELOPMENT_TEAM = LGTKM77CP2;
				GCC_PREFIX_HEADER = iOS_CodeDemo/PrefixHeader.pch;
				INFOPLIST_FILE = iOS_CodeDemo/Info.plist;
				IPHONEOS_DEPLOYMENT_TARGET = 8.0;
				LD_RUNPATH_SEARCH_PATHS = "$(inherited) @executable_path/Frameworks";
				PRODUCT_BUNDLE_IDENTIFIER = "yang.iOS-CodeDemo";
				PRODUCT_NAME = "$(TARGET_NAME)";
				SWIFT_OBJC_BRIDGING_HEADER = "iOS_CodeDemo/iOS_CodeDemo-Bridging-Header.h";
				SWIFT_OPTIMIZATION_LEVEL = "-Onone";
				SWIFT_VERSION = 2.3;
			};
			name = Debug;
		};
		FA36038B1C8FCD4F001D124F /* Release */ = {
			isa = XCBuildConfiguration;
			buildSettings = {
				ASSETCATALOG_COMPILER_APPICON_NAME = AppIcon;
				CLANG_ENABLE_MODULES = YES;
				DEVELOPMENT_TEAM = LGTKM77CP2;
				GCC_PREFIX_HEADER = iOS_CodeDemo/PrefixHeader.pch;
				INFOPLIST_FILE = iOS_CodeDemo/Info.plist;
				IPHONEOS_DEPLOYMENT_TARGET = 8.0;
				LD_RUNPATH_SEARCH_PATHS = "$(inherited) @executable_path/Frameworks";
				PRODUCT_BUNDLE_IDENTIFIER = "yang.iOS-CodeDemo";
				PRODUCT_NAME = "$(TARGET_NAME)";
				SWIFT_OBJC_BRIDGING_HEADER = "iOS_CodeDemo/iOS_CodeDemo-Bridging-Header.h";
				SWIFT_VERSION = 2.3;
			};
			name = Release;
		};
/* End XCBuildConfiguration section */

/* Begin XCConfigurationList section */
		FA36036D1C8FCD4F001D124F /* Build configuration list for PBXProject "iOS_CodeDemo" */ = {
			isa = XCConfigurationList;
			buildConfigurations = (
				FA3603871C8FCD4F001D124F /* Debug */,
				FA3603881C8FCD4F001D124F /* Release */,
			);
			defaultConfigurationIsVisible = 0;
			defaultConfigurationName = Release;
		};
		FA3603891C8FCD4F001D124F /* Build configuration list for PBXNativeTarget "iOS_CodeDemo" */ = {
			isa = XCConfigurationList;
			buildConfigurations = (
				FA36038A1C8FCD4F001D124F /* Debug */,
				FA36038B1C8FCD4F001D124F /* Release */,
			);
			defaultConfigurationIsVisible = 0;
			defaultConfigurationName = Release;
		};
/* End XCConfigurationList section */
	};
	rootObject = FA36036A1C8FCD4F001D124F /* Project object */;
}
